
Microsoft Visual Studio Solution File, Format Version 12.00
# Visual Studio Version 17
VisualStudioVersion = 17.4.33213.308
MinimumVisualStudioVersion = 10.0.40219.1
Project("{FAE04EC0-301F-11D3-BF4B-00C04F79EFBC}") = "NetFramework45WebForms", "NetFramework45WebForms.csproj", "{3156B2CA-6FDB-4672-AA57-71C2C789E9A8}"
EndProject
Project("{2150E333-8FDC-42A3-9474-1A3956D46DE8}") = "Solution Items", "Solution Items", "{9B900D13-A905-45FE-974B-AD8AB9FC8EEE}"
	ProjectSection(SolutionItems) = preProject
		..\.dockerignore = ..\.dockerignore
		ras-net-framework-submodule\.git = ras-net-framework-submodule\.git
		..\.gitignore = ..\.gitignore
		..\.gitmodules = ..\.gitmodules
		..\.github\workflows\docker-net-framework-45-web-forms-image.yml = ..\.github\workflows\docker-net-framework-45-web-forms-image.yml
	EndProjectSection
EndProject
Project("{FAE04EC0-301F-11D3-BF4B-00C04F79EFBC}") = "RasNetFrameworkSubmodule", "ras-net-framework-submodule\RasNetFrameworkSubmodule\RasNetFrameworkSubmodule.csproj", "{DE1D9EFE-7724-4658-91B3-5FCBE3C1D11B}"
EndProject
Global
	GlobalSection(SolutionConfigurationPlatforms) = preSolution
		Debug|Any CPU = Debug|Any CPU
		Release|Any CPU = Release|Any CPU
	EndGlobalSection
	GlobalSection(ProjectConfigurationPlatforms) = postSolution
		{3156B2CA-6FDB-4672-AA57-71C2C789E9A8}.Debug|Any CPU.ActiveCfg = Debug|Any CPU
		{3156B2CA-6FDB-4672-AA57-71C2C789E9A8}.Debug|Any CPU.Build.0 = Debug|Any CPU
		{3156B2CA-6FDB-4672-AA57-71C2C789E9A8}.Release|Any CPU.ActiveCfg = Release|Any CPU
		{3156B2CA-6FDB-4672-AA57-71C2C789E9A8}.Release|Any CPU.Build.0 = Release|Any CPU
		{DE1D9EFE-7724-4658-91B3-5FCBE3C1D11B}.Debug|Any CPU.ActiveCfg = Debug|Any CPU
		{DE1D9EFE-7724-4658-91B3-5FCBE3C1D11B}.Debug|Any CPU.Build.0 = Debug|Any CPU
		{DE1D9EFE-7724-4658-91B3-5FCBE3C1D11B}.Release|Any CPU.ActiveCfg = Release|Any CPU
		{DE1D9EFE-7724-4658-91B3-5FCBE3C1D11B}.Release|Any CPU.Build.0 = Release|Any CPU
	EndGlobalSection
	GlobalSection(SolutionProperties) = preSolution
		HideSolutionNode = FALSE
	EndGlobalSection
	GlobalSection(ExtensibilityGlobals) = postSolution
		SolutionGuid = {FA3C0C86-AABB-411A-A5F9-64BB91AC5584}
	EndGlobalSection
EndGlobal
